{
  "nodes": {
    "nixpkgs": {
      "locked": {
        "lastModified": 1754013726,
        "narHash": "sha256-24WD8myNILMiElSrxbDAJRBUzT97qlcaQvlhqpD8Vwo=",
        "owner": "nixos",
        "repo": "nixpkgs",
        "rev": "f8a3116347dbec8df87c3ec6d8058d6bc3fe104e",
        "type": "github"
      },
      "original": {
        "owner": "nixos",
        "repo": "nixpkgs",
        "type": "github"
      }
    },
    "root": {
      "inputs": {
        "nixpkgs": "nixpkgs"
      }
    }
  },
  "root": "root",
  "version": 7
}
