{
  "nodes": {
    "nixpkgs": {
      "locked": {
        "lastModified": 1753075352,
        "narHash": "sha256-FmU+AgV86d6INjCjZawTfbkknjjZIaYzS2fcUuEP6Uw=",
        "owner": "nixos",
        "repo": "nixpkgs",
        "rev": "d586a8d90106e7a312e2540d019561531577774b",
        "type": "github"
      },
      "original": {
        "owner": "nixos",
        "repo": "nixpkgs",
        "type": "github"
      }
    },
    "root": {
      "inputs": {
        "nixpkgs": "nixpkgs"
      }
    }
  },
  "root": "root",
  "version": 7
}
